{
  "nodes": {
    "nixpkgs": {
      "locked": {
        "lastModified": 1790149054,
        "narHash": "sha256-fcRceL4EcNlsCY2GWwzfIVrJyjbA2lpQSuljkc8UXOw=",
        "rev": "8825bebf6324e0579d012936eff73379af284b6d",
        "type": "tarball",
        "url": "https://releases.nixos.org/nixpkgs/nixpkgs-26.11pre1078395.8825bebf6324/nixexprs.tar.zst?lastModified=1790149054&rev=8825bebf6324e0579d012936eff73379af284b6d"
      },
      "original": {
        "type": "tarball",
        "url": "https://channels.nixos.org/nixpkgs-unstable/nixexprs.tar.zst"
      }
    },
    "root": {
      "inputs": {
        "nixpkgs": "nixpkgs",
        "zig": "zig"
      }
    },
    "zig": {
      "inputs": {
        "nixpkgs": [
          "nixpkgs"
        ]
      },
      "locked": {
        "lastModified": 1790195583,
        "narHash": "sha256-5ObAcy2vTPy15X0+tztHgHfTrC3HwzuHWPlaSwkzexA=",
        "owner": "silversquirl",
        "repo": "zig-flake",
        "rev": "36f1ce8efd46f82645737e500d0ec7f5f94d819c",
        "type": "github"
      },
      "original": {
        "owner": "silversquirl",
        "repo": "zig-flake",
        "type": "github"
      }
    }
  },
  "root": "root",
  "version": 7
}
